
Microsoft Visual Studio Solution File, Format Version 12.00
# Visual Studio Version 16
VisualStudioVersion = 16.0.30517.126
MinimumVisualStudioVersion = 10.0.40219.1
Project("{FAE04EC0-301F-11D3-BF4B-00C04F79EFBC}") = "WpfApp_TESTjsonMVVM", "WpfApp_TESTjsonMVVM.csproj", "{CD157805-4ECD-4CBA-B5DA-B2B0CB4C5A40}"
EndProject
Global
	GlobalSection(SolutionConfigurationPlatforms) = preSolution
		Debug|Any CPU = Debug|Any CPU
		Release|Any CPU = Release|Any CPU
	EndGlobalSection
	GlobalSection(ProjectConfigurationPlatforms) = postSolution
		{CD157805-4ECD-4CBA-B5DA-B2B0CB4C5A40}.Debug|Any CPU.ActiveCfg = Debug|Any CPU
		{CD157805-4ECD-4CBA-B5DA-B2B0CB4C5A40}.Debug|Any CPU.Build.0 = Debug|Any CPU
		{CD157805-4ECD-4CBA-B5DA-B2B0CB4C5A40}.Release|Any CPU.ActiveCfg = Release|Any CPU
		{CD157805-4ECD-4CBA-B5DA-B2B0CB4C5A40}.Release|Any CPU.Build.0 = Release|Any CPU
	EndGlobalSection
	GlobalSection(SolutionProperties) = preSolution
		HideSolutionNode = FALSE
	EndGlobalSection
	GlobalSection(ExtensibilityGlobals) = postSolution
		SolutionGuid = {03180B96-5073-463E-9ED1-EB425DC612E1}
	EndGlobalSection
EndGlobal
