
Microsoft Visual Studio Solution File, Format Version 12.00
# Visual Studio Version 16
VisualStudioVersion = 16.0.30517.126
MinimumVisualStudioVersion = 10.0.40219.1
Project("{9A19103F-16F7-4668-BE54-9A1E7A4F7556}") = "Demo_OverErvingZoogdier", "Demo_OverErvingZoogdier\Demo_OverErvingZoogdier.csproj", "{557C86E2-A4C8-4805-91D0-AF82040D0F76}"
EndProject
Project("{9A19103F-16F7-4668-BE54-9A1E7A4F7556}") = "Demo_AccessModifiersKlassen", "Demo_AccessModifiersKlassen\Demo_AccessModifiersKlassen.csproj", "{BF1513A4-B0E5-4B90-AC5E-A7A4419F63B4}"
EndProject
Project("{9A19103F-16F7-4668-BE54-9A1E7A4F7556}") = "Demo_Overerving_VirtualOverride", "Demo_Overerving_VirtualOverride\Demo_Overerving_VirtualOverride.csproj", "{AF161D22-C6F7-48D1-A2C5-6520DF251E8F}"
EndProject
Project("{FAE04EC0-301F-11D3-BF4B-00C04F79EFBC}") = "Demo_Polymorfisme_Kinderboerderij", "Demo_Polymorfisme_Kinderboerderij\Demo_Polymorfisme_Kinderboerderij.csproj", "{0F801C52-4164-4387-BDAA-19F5F3C4A847}"
EndProject
Project("{FAE04EC0-301F-11D3-BF4B-00C04F79EFBC}") = "Demo_StaticMember", "Demo_StaticMember\Demo_StaticMember.csproj", "{A65F9D06-CE7C-4F37-A132-E6A162B87520}"
EndProject
Global
	GlobalSection(SolutionConfigurationPlatforms) = preSolution
		Debug|Any CPU = Debug|Any CPU
		Release|Any CPU = Release|Any CPU
	EndGlobalSection
	GlobalSection(ProjectConfigurationPlatforms) = postSolution
		{557C86E2-A4C8-4805-91D0-AF82040D0F76}.Debug|Any CPU.ActiveCfg = Debug|Any CPU
		{557C86E2-A4C8-4805-91D0-AF82040D0F76}.Debug|Any CPU.Build.0 = Debug|Any CPU
		{557C86E2-A4C8-4805-91D0-AF82040D0F76}.Release|Any CPU.ActiveCfg = Release|Any CPU
		{557C86E2-A4C8-4805-91D0-AF82040D0F76}.Release|Any CPU.Build.0 = Release|Any CPU
		{BF1513A4-B0E5-4B90-AC5E-A7A4419F63B4}.Debug|Any CPU.ActiveCfg = Debug|Any CPU
		{BF1513A4-B0E5-4B90-AC5E-A7A4419F63B4}.Debug|Any CPU.Build.0 = Debug|Any CPU
		{BF1513A4-B0E5-4B90-AC5E-A7A4419F63B4}.Release|Any CPU.ActiveCfg = Release|Any CPU
		{BF1513A4-B0E5-4B90-AC5E-A7A4419F63B4}.Release|Any CPU.Build.0 = Release|Any CPU
		{AF161D22-C6F7-48D1-A2C5-6520DF251E8F}.Debug|Any CPU.ActiveCfg = Debug|Any CPU
		{AF161D22-C6F7-48D1-A2C5-6520DF251E8F}.Debug|Any CPU.Build.0 = Debug|Any CPU
		{AF161D22-C6F7-48D1-A2C5-6520DF251E8F}.Release|Any CPU.ActiveCfg = Release|Any CPU
		{AF161D22-C6F7-48D1-A2C5-6520DF251E8F}.Release|Any CPU.Build.0 = Release|Any CPU
		{0F801C52-4164-4387-BDAA-19F5F3C4A847}.Debug|Any CPU.ActiveCfg = Debug|Any CPU
		{0F801C52-4164-4387-BDAA-19F5F3C4A847}.Debug|Any CPU.Build.0 = Debug|Any CPU
		{0F801C52-4164-4387-BDAA-19F5F3C4A847}.Release|Any CPU.ActiveCfg = Release|Any CPU
		{0F801C52-4164-4387-BDAA-19F5F3C4A847}.Release|Any CPU.Build.0 = Release|Any CPU
		{A65F9D06-CE7C-4F37-A132-E6A162B87520}.Debug|Any CPU.ActiveCfg = Debug|Any CPU
		{A65F9D06-CE7C-4F37-A132-E6A162B87520}.Debug|Any CPU.Build.0 = Debug|Any CPU
		{A65F9D06-CE7C-4F37-A132-E6A162B87520}.Release|Any CPU.ActiveCfg = Release|Any CPU
		{A65F9D06-CE7C-4F37-A132-E6A162B87520}.Release|Any CPU.Build.0 = Release|Any CPU
	EndGlobalSection
	GlobalSection(SolutionProperties) = preSolution
		HideSolutionNode = FALSE
	EndGlobalSection
	GlobalSection(ExtensibilityGlobals) = postSolution
		SolutionGuid = {A756C592-F905-45CD-BF62-9CF31DBCACA0}
	EndGlobalSection
EndGlobal
