
Microsoft Visual Studio Solution File, Format Version 12.00
# Visual Studio Version 16
VisualStudioVersion = 16.0.30406.217
MinimumVisualStudioVersion = 10.0.40219.1
Project("{FAE04EC0-301F-11D3-BF4B-00C04F79EFBC}") = "UnitTestDemo", "UnitTestDemo\UnitTestDemo.csproj", "{A8300AAA-A04F-44E7-BE03-4163E527FEBE}"
EndProject
Project("{FAE04EC0-301F-11D3-BF4B-00C04F79EFBC}") = "UnitTestDemo.Test", "UnitTestDemo.Test\UnitTestDemo.Test.csproj", "{649B793D-6A2F-4E70-82C0-8330E668EF13}"
EndProject
Global
	GlobalSection(SolutionConfigurationPlatforms) = preSolution
		Debug|Any CPU = Debug|Any CPU
		Release|Any CPU = Release|Any CPU
	EndGlobalSection
	GlobalSection(ProjectConfigurationPlatforms) = postSolution
		{A8300AAA-A04F-44E7-BE03-4163E527FEBE}.Debug|Any CPU.ActiveCfg = Debug|Any CPU
		{A8300AAA-A04F-44E7-BE03-4163E527FEBE}.Debug|Any CPU.Build.0 = Debug|Any CPU
		{A8300AAA-A04F-44E7-BE03-4163E527FEBE}.Release|Any CPU.ActiveCfg = Release|Any CPU
		{A8300AAA-A04F-44E7-BE03-4163E527FEBE}.Release|Any CPU.Build.0 = Release|Any CPU
		{649B793D-6A2F-4E70-82C0-8330E668EF13}.Debug|Any CPU.ActiveCfg = Debug|Any CPU
		{649B793D-6A2F-4E70-82C0-8330E668EF13}.Debug|Any CPU.Build.0 = Debug|Any CPU
		{649B793D-6A2F-4E70-82C0-8330E668EF13}.Release|Any CPU.ActiveCfg = Release|Any CPU
		{649B793D-6A2F-4E70-82C0-8330E668EF13}.Release|Any CPU.Build.0 = Release|Any CPU
	EndGlobalSection
	GlobalSection(SolutionProperties) = preSolution
		HideSolutionNode = FALSE
	EndGlobalSection
	GlobalSection(ExtensibilityGlobals) = postSolution
		SolutionGuid = {F7EFD9CA-43B1-4DD0-9ACF-A702E0B0FE0C}
	EndGlobalSection
EndGlobal
