
Microsoft Visual Studio Solution File, Format Version 12.00
# Visual Studio Version 16
VisualStudioVersion = 16.0.30717.126
MinimumVisualStudioVersion = 10.0.40219.1
Project("{9A19103F-16F7-4668-BE54-9A1E7A4F7556}") = "MvvmNorthwind", "SurvivalWPF\MvvmNorthwind.csproj", "{1497C5C3-BC37-489B-A8EE-8AEBC0D77AEE}"
EndProject
Global
	GlobalSection(SolutionConfigurationPlatforms) = preSolution
		Debug|Any CPU = Debug|Any CPU
		Release|Any CPU = Release|Any CPU
	EndGlobalSection
	GlobalSection(ProjectConfigurationPlatforms) = postSolution
		{1497C5C3-BC37-489B-A8EE-8AEBC0D77AEE}.Debug|Any CPU.ActiveCfg = Debug|Any CPU
		{1497C5C3-BC37-489B-A8EE-8AEBC0D77AEE}.Debug|Any CPU.Build.0 = Debug|Any CPU
		{1497C5C3-BC37-489B-A8EE-8AEBC0D77AEE}.Release|Any CPU.ActiveCfg = Release|Any CPU
		{1497C5C3-BC37-489B-A8EE-8AEBC0D77AEE}.Release|Any CPU.Build.0 = Release|Any CPU
	EndGlobalSection
	GlobalSection(SolutionProperties) = preSolution
		HideSolutionNode = FALSE
	EndGlobalSection
	GlobalSection(ExtensibilityGlobals) = postSolution
		SolutionGuid = {263365DA-00EC-459F-BC8B-0D7D15A5103D}
	EndGlobalSection
EndGlobal
