
Microsoft Visual Studio Solution File, Format Version 12.00
# Visual Studio Version 16
VisualStudioVersion = 16.0.30517.126
MinimumVisualStudioVersion = 10.0.40219.1
Project("{FAE04EC0-301F-11D3-BF4B-00C04F79EFBC}") = "hond", "hond\hond.csproj", "{DF32A9BE-58F4-4957-859B-63A6C4908E39}"
EndProject
Project("{FAE04EC0-301F-11D3-BF4B-00C04F79EFBC}") = "Demo_ParameterLozeDefaultConstructor", "Demo_ParameterLozeDefaultConstructor\Demo_ParameterLozeDefaultConstructor.csproj", "{5B05A9E6-1243-4273-8086-A613D8F97EC8}"
EndProject
Global
	GlobalSection(SolutionConfigurationPlatforms) = preSolution
		Debug|Any CPU = Debug|Any CPU
		Release|Any CPU = Release|Any CPU
	EndGlobalSection
	GlobalSection(ProjectConfigurationPlatforms) = postSolution
		{DF32A9BE-58F4-4957-859B-63A6C4908E39}.Debug|Any CPU.ActiveCfg = Debug|Any CPU
		{DF32A9BE-58F4-4957-859B-63A6C4908E39}.Debug|Any CPU.Build.0 = Debug|Any CPU
		{DF32A9BE-58F4-4957-859B-63A6C4908E39}.Release|Any CPU.ActiveCfg = Release|Any CPU
		{DF32A9BE-58F4-4957-859B-63A6C4908E39}.Release|Any CPU.Build.0 = Release|Any CPU
		{5B05A9E6-1243-4273-8086-A613D8F97EC8}.Debug|Any CPU.ActiveCfg = Debug|Any CPU
		{5B05A9E6-1243-4273-8086-A613D8F97EC8}.Debug|Any CPU.Build.0 = Debug|Any CPU
		{5B05A9E6-1243-4273-8086-A613D8F97EC8}.Release|Any CPU.ActiveCfg = Release|Any CPU
		{5B05A9E6-1243-4273-8086-A613D8F97EC8}.Release|Any CPU.Build.0 = Release|Any CPU
	EndGlobalSection
	GlobalSection(SolutionProperties) = preSolution
		HideSolutionNode = FALSE
	EndGlobalSection
	GlobalSection(ExtensibilityGlobals) = postSolution
		SolutionGuid = {A1394C8A-1473-465D-A771-ECD38D6B0989}
	EndGlobalSection
EndGlobal
